
Microsoft Visual Studio Solution File, Format Version 12.00
# Visual Studio Version 17
VisualStudioVersion = 17.4.33122.133
MinimumVisualStudioVersion = 10.0.40219.1
Project("{9A19103F-16F7-4668-BE54-9A1E7A4F7556}") = "SchoolApp", "SchoolApp\SchoolApp.csproj", "{A3D3E625-F576-45C6-A97B-B9F30DF39E7F}"
EndProject
Project("{2150E333-8FDC-42A3-9474-1A3956D46DE8}") = "Solution Items", "Solution Items", "{209B8902-1277-4947-93A3-8DC1779F0661}"
	ProjectSection(SolutionItems) = preProject
		.editorconfig = .editorconfig
	EndProjectSection
EndProject
Global
	GlobalSection(SolutionConfigurationPlatforms) = preSolution
		Debug|Any CPU = Debug|Any CPU
		Release|Any CPU = Release|Any CPU
	EndGlobalSection
	GlobalSection(ProjectConfigurationPlatforms) = postSolution
		{A3D3E625-F576-45C6-A97B-B9F30DF39E7F}.Debug|Any CPU.ActiveCfg = Debug|Any CPU
		{A3D3E625-F576-45C6-A97B-B9F30DF39E7F}.Debug|Any CPU.Build.0 = Debug|Any CPU
		{A3D3E625-F576-45C6-A97B-B9F30DF39E7F}.Release|Any CPU.ActiveCfg = Release|Any CPU
		{A3D3E625-F576-45C6-A97B-B9F30DF39E7F}.Release|Any CPU.Build.0 = Release|Any CPU
	EndGlobalSection
	GlobalSection(SolutionProperties) = preSolution
		HideSolutionNode = FALSE
	EndGlobalSection
	GlobalSection(ExtensibilityGlobals) = postSolution
		SolutionGuid = {0AA7FEF1-BB15-4138-903F-157AF8D7E6DE}
	EndGlobalSection
EndGlobal
